
Microsoft Visual Studio Solution File, Format Version 12.00
# Visual Studio 2013
VisualStudioVersion = 12.0.31101.0
MinimumVisualStudioVersion = 10.0.40219.1
Project("{FAE04EC0-301F-11D3-BF4B-00C04F79EFBC}") = "DataGridViewDataBindingTest2", "DataGridViewDataBindingTest2\DataGridViewDataBindingTest2.csproj", "{35A8D375-E5F9-41A4-9F97-CE91EB52731A}"
EndProject
Global
	GlobalSection(SolutionConfigurationPlatforms) = preSolution
		Debug|Any CPU = Debug|Any CPU
		Release|Any CPU = Release|Any CPU
	EndGlobalSection
	GlobalSection(ProjectConfigurationPlatforms) = postSolution
		{35A8D375-E5F9-41A4-9F97-CE91EB52731A}.Debug|Any CPU.ActiveCfg = Debug|Any CPU
		{35A8D375-E5F9-41A4-9F97-CE91EB52731A}.Debug|Any CPU.Build.0 = Debug|Any CPU
		{35A8D375-E5F9-41A4-9F97-CE91EB52731A}.Release|Any CPU.ActiveCfg = Release|Any CPU
		{35A8D375-E5F9-41A4-9F97-CE91EB52731A}.Release|Any CPU.Build.0 = Release|Any CPU
	EndGlobalSection
	GlobalSection(SolutionProperties) = preSolution
		HideSolutionNode = FALSE
	EndGlobalSection
EndGlobal
